{
  "name": "application",
  "lockfileVersion": 3,
  "requires": true,
  "packages": {
    "": {
      "dependencies": {
        "angular-ui-select2": "^0.0.5"
      }
    },
    "node_modules/angular-ui-select2": {
      "version": "0.0.5",
      "resolved": "https://registry.npmjs.org/angular-ui-select2/-/angular-ui-select2-0.0.5.tgz",
      "integrity": "sha512-vxiWkxe6VmkJBlHx9BYuMHrz+cNeI0nmVLcQUS7W9BJQCGbmXJuWslmpPoQGSOZs7ayQIqY6stTF8CkQ0/hdWw==",
      "engines": {
        "node": ">= 0.8.4"
      }
    }
  }
}
